
Microsoft Visual Studio Solution File, Format Version 12.00
# Visual Studio Version 17
VisualStudioVersion = 17.7.34031.279
MinimumVisualStudioVersion = 10.0.40219.1
Project("{FAE04EC0-301F-11D3-BF4B-00C04F79EFBC}") = "console-chess", "console-chess.csproj", "{B53D9AA4-05DB-45DE-BFD5-7D60C06C020A}"
EndProject
Global
	GlobalSection(SolutionConfigurationPlatforms) = preSolution
		Debug|Any CPU = Debug|Any CPU
		Release|Any CPU = Release|Any CPU
	EndGlobalSection
	GlobalSection(ProjectConfigurationPlatforms) = postSolution
		{B53D9AA4-05DB-45DE-BFD5-7D60C06C020A}.Debug|Any CPU.ActiveCfg = Debug|Any CPU
		{B53D9AA4-05DB-45DE-BFD5-7D60C06C020A}.Debug|Any CPU.Build.0 = Debug|Any CPU
		{B53D9AA4-05DB-45DE-BFD5-7D60C06C020A}.Release|Any CPU.ActiveCfg = Release|Any CPU
		{B53D9AA4-05DB-45DE-BFD5-7D60C06C020A}.Release|Any CPU.Build.0 = Release|Any CPU
	EndGlobalSection
	GlobalSection(SolutionProperties) = preSolution
		HideSolutionNode = FALSE
	EndGlobalSection
	GlobalSection(ExtensibilityGlobals) = postSolution
		SolutionGuid = {3DC5EBEB-6E4D-4016-B5BA-46B2E488BB4A}
	EndGlobalSection
EndGlobal
